# THIS IS AN AUTOGENERATED FILE. DO NOT EDIT THIS FILE DIRECTLY.
# yarn lockfile v1


esbuild-android-arm64@0.13.3:
  version "0.13.3"
  resolved "https://registry.yarnpkg.com/esbuild-android-arm64/-/esbuild-android-arm64-0.13.3.tgz#ef734c76eeff42e8c53acdffe901da090164a890"
  integrity sha512-jc9E8vGTHkzb0Vwl74H8liANV9BWsqtzLHaKvcsRgf1M+aVCBSF0gUheduAKfDsbDMT0judeMLhwBP34EUesTA==

esbuild-darwin-64@0.13.3:
  version "0.13.3"
  resolved "https://registry.yarnpkg.com/esbuild-darwin-64/-/esbuild-darwin-64-0.13.3.tgz#35f29376b7451add79f0640980683ef923365385"
  integrity sha512-8bG3Zq+ZNuLlIJebOO2+weI7P2LVf33sOzaUfHj8MuJ+1Ixe4KtQxfYp7qhFnP6xP2ToJaYHxGUfLeiUCEz9hw==

esbuild-darwin-arm64@0.13.3:
  version "0.13.3"
  resolved "https://registry.yarnpkg.com/esbuild-darwin-arm64/-/esbuild-darwin-arm64-0.13.3.tgz#530a1326e7d18d62c9a54b6dce70f2b77ed50eec"
  integrity sha512-5E81eImYtTgh8pY7Gq4WQHhWkR/LvYadUXmuYeZBiP+3ADZJZcG60UFceZrjqNPaFOWKr/xmh4aNocwagEubcA==

esbuild-dev-server-darwin-arm64@0.2.1:
  version "0.2.1"
  resolved "https://registry.yarnpkg.com/esbuild-dev-server-darwin-arm64/-/esbuild-dev-server-darwin-arm64-0.2.1.tgz#fd3e0e00b1e288b54190fb567aac9f6b994c6535"
  integrity sha512-0/EdL0Ok4WuMs12wjDeUuIAbwwmokoCg10k4tBr0Bkdvv/OC5DcZFCfYWCcNOS30eESsU/LTx8rWLwGgLIQMog==

esbuild-dev-server-darwin-x64@0.2.1:
  version "0.2.1"
  resolved "https://registry.yarnpkg.com/esbuild-dev-server-darwin-x64/-/esbuild-dev-server-darwin-x64-0.2.1.tgz#42b69ef39a35ceeefc3750cd5344aac3b871a2e8"
  integrity sha512-UHnXO9OmnzRZvN2sNYEJjf2i+08w/Yu3hxJqXZCZBgYmyla6ZU+gSAd074uNwovNipxeUZQfnk6mNtHNZBPQrQ==

esbuild-dev-server-linux-arm64@0.2.1:
  version "0.2.1"
  resolved "https://registry.yarnpkg.com/esbuild-dev-server-linux-arm64/-/esbuild-dev-server-linux-arm64-0.2.1.tgz#b5a79843ffb8b57051481a9f2637b722a7abfa24"
  integrity sha512-NmlQm5UDM3t8h3hjHhrfKlc4Jvy6pRCiSrCza9stEp52vC+B3+1TBCiyUJSvkETaf/Yufd8OfDH0I1xyvUSgVQ==

esbuild-dev-server-linux-arm@0.2.1:
  version "0.2.1"
  resolved "https://registry.yarnpkg.com/esbuild-dev-server-linux-arm/-/esbuild-dev-server-linux-arm-0.2.1.tgz#92d2ada9e4b410ac60251b393ba061a938051bf0"
  integrity sha512-lIZNFlnXtMoo0Sz4DXPAKKoI0ps1DaOUfYQdSYYZ2wWBhknP32i3ub5V5A8IDB5JXdXHwsVhIYwo4yk9qrqOFg==

esbuild-dev-server-linux-x32@0.2.1:
  version "0.2.1"
  resolved "https://registry.yarnpkg.com/esbuild-dev-server-linux-x32/-/esbuild-dev-server-linux-x32-0.2.1.tgz#7a27ebe835b26bf8283273ebe6e7a1fe3aed7e53"
  integrity sha512-7YLlrxYbCXl3JL1xuavfZLL3LpzywQYR3UzpFlaFVYC/sLb7gxE4IEuLsb8lNuWiuRQfSzIeh7VXFX/moqWDtQ==

esbuild-dev-server-linux-x64@../npm/esbuild-dev-server-linux-x64:
  version "0.2.1"

esbuild-dev-server-linux-x64@0.2.1:
  version "0.2.1"
  resolved "https://registry.yarnpkg.com/esbuild-dev-server-linux-x64/-/esbuild-dev-server-linux-x64-0.2.1.tgz#7fe492a7dd3b99310de6f65bf104ce20a4f7e66a"
  integrity sha512-9rQycJrlfnlu1Rc2iARwlqDiDWsJyQvuKhRNmwcPI2SCC0HLww3ypqx3KO1rbqukZzJckit60a8buG7zkdxXww==

esbuild-dev-server-win32-arm64@0.2.1:
  version "0.2.1"
  resolved "https://registry.yarnpkg.com/esbuild-dev-server-win32-arm64/-/esbuild-dev-server-win32-arm64-0.2.1.tgz#e99b8138be8820851d3f16e27852c110aba133f2"
  integrity sha512-rXF95GzbTo4j0vm/pbJFtH608E9KocGwnoSfFUTFI9AW2JWfIaMRI+TrXe/ljNeuEkbB0A+WmrJXmhof9RybzQ==

esbuild-dev-server-win32-x32@0.2.1:
  version "0.2.1"
  resolved "https://registry.yarnpkg.com/esbuild-dev-server-win32-x32/-/esbuild-dev-server-win32-x32-0.2.1.tgz#a2032d053d371a7efa55678056e271116cb3f76a"
  integrity sha512-MHS1d5X9kjDiJvDWIDIzYuto7uqXEpe+cs+uynI2VODVYARR7ezgQGrxQf/eeXLxRj1MMHtsVO92GE/UQeS+Ag==

esbuild-dev-server-win32-x64@0.2.1:
  version "0.2.1"
  resolved "https://registry.yarnpkg.com/esbuild-dev-server-win32-x64/-/esbuild-dev-server-win32-x64-0.2.1.tgz#d337e45a8cf3a4ecd503e6e31cf3c336884a1d83"
  integrity sha512-MOVWLUIIDcONepXbYKDLsDAE2OuUYVQ4YD3/eKKBhOvWWu0SG6XYoboDjwUyj7cN7WOjpAp+v0fie4KyGXtIJg==

esbuild-dev-server@../npm/esbuild-dev-server:
  version "0.2.1"
  optionalDependencies:
    esbuild-dev-server-darwin-arm64 "0.2.1"
    esbuild-dev-server-darwin-x64 "0.2.1"
    esbuild-dev-server-linux-arm "0.2.1"
    esbuild-dev-server-linux-arm64 "0.2.1"
    esbuild-dev-server-linux-x32 "0.2.1"
    esbuild-dev-server-linux-x64 "0.2.1"
    esbuild-dev-server-win32-arm64 "0.2.1"
    esbuild-dev-server-win32-x32 "0.2.1"
    esbuild-dev-server-win32-x64 "0.2.1"

esbuild-freebsd-64@0.13.3:
  version "0.13.3"
  resolved "https://registry.yarnpkg.com/esbuild-freebsd-64/-/esbuild-freebsd-64-0.13.3.tgz#ce2896ac362e06eb82ca5dec06b2568901eb5afc"
  integrity sha512-ou+f91KkTGexi8HvF/BdtsITL6plbciQfZGys7QX6/QEwyE96PmL5KnU6ZQwoU7E99Ts6Sc9bUDq8HXJubKtBA==

esbuild-freebsd-arm64@0.13.3:
  version "0.13.3"
  resolved "https://registry.yarnpkg.com/esbuild-freebsd-arm64/-/esbuild-freebsd-arm64-0.13.3.tgz#a20454f99e060bea4e465d131556a9f0533f403f"
  integrity sha512-F1zV7nySjHswJuvIgjkiG5liZ63MeazDGXGKViTCeegjZ71sAhOChcaGhKcu6vq9+vqZxlfEi1fmXlx6Pc3coQ==

esbuild-linux-32@0.13.3:
  version "0.13.3"
  resolved "https://registry.yarnpkg.com/esbuild-linux-32/-/esbuild-linux-32-0.13.3.tgz#ad56f18208ecf007cd9ab16cd39626ca0312b8ee"
  integrity sha512-mHHc2v6uLrHH4zaaq5RB/5IWzgimEJ1HGldzf1qtGI513KZWfH0HRRQ8p1di4notJgBn7tDzWQ1f34ZHy69viQ==

esbuild-linux-64@0.13.3:
  version "0.13.3"
  resolved "https://registry.yarnpkg.com/esbuild-linux-64/-/esbuild-linux-64-0.13.3.tgz#be1eabadf68d153897ed887678f7496d3949810f"
  integrity sha512-FJ1De2O89mrOuqtaEXu41qIYJU6R41F+OA6vheNwcAQcX8fu0aiA13FJeLABq29BYJuTVgRj3cyC8q+tz19/dQ==

esbuild-linux-arm64@0.13.3:
  version "0.13.3"
  resolved "https://registry.yarnpkg.com/esbuild-linux-arm64/-/esbuild-linux-arm64-0.13.3.tgz#329348bb4a19cfb5e9046cc5d97ba5017d8f74ad"
  integrity sha512-Cauhr45KSo+wRUojs+1qfycQqQCAXTOvsWvkZ6xmEMAXLAm+f8RQGDQeP8CAf8Yeelnegcn6UNdvzdzLHhWDFg==

esbuild-linux-arm@0.13.3:
  version "0.13.3"
  resolved "https://registry.yarnpkg.com/esbuild-linux-arm/-/esbuild-linux-arm-0.13.3.tgz#b3b3167c9d5d3038894fbc75b194a4fbe93eaf09"
  integrity sha512-9BJNRtLwBh3OP22cln9g3AJdbAQUcjRHqA4BScx9k4RZpGqPokFr548zpeplxWhcwrIjT8qPebwH9CrRVy8Bsw==

esbuild-linux-mips64le@0.13.3:
  version "0.13.3"
  resolved "https://registry.yarnpkg.com/esbuild-linux-mips64le/-/esbuild-linux-mips64le-0.13.3.tgz#ea1687f28ea2c85399ecc2fe23a48ab343b7b35d"
  integrity sha512-YVzJUGCncuuLm2boYyVeuMFsak4ZAhdiBwi0xNDZCC8sy+tS6Boe2mzcrD2uubv5JKAUOrpN186S1DtU4WgBgw==

esbuild-linux-ppc64le@0.13.3:
  version "0.13.3"
  resolved "https://registry.yarnpkg.com/esbuild-linux-ppc64le/-/esbuild-linux-ppc64le-0.13.3.tgz#a462cf42eae3d7fc29a9f277679f5adee70afa67"
  integrity sha512-GU6CqqKtJEoyxC2QWHiJtmuOz9wc/jMv8ZloK2WwiGY5yMvAmM3PI103Dj7xcjebNTHBqITTUw/aigY1wx5A3w==

esbuild-openbsd-64@0.13.3:
  version "0.13.3"
  resolved "https://registry.yarnpkg.com/esbuild-openbsd-64/-/esbuild-openbsd-64-0.13.3.tgz#0cb15bd86d20eb19cb548b530f1a533197532cf9"
  integrity sha512-HVpkgpn4BQt4BPDAjTOpeMub6mzNWw6Y3gaLQJrpbO24pws6ZwYkY24OI3/Uo3LDCbH6856MM81JxECt92OWjA==

esbuild-sunos-64@0.13.3:
  version "0.13.3"
  resolved "https://registry.yarnpkg.com/esbuild-sunos-64/-/esbuild-sunos-64-0.13.3.tgz#53a941241f881010969cc8f1acb1ada49c4cd3c2"
  integrity sha512-XncBVOtnEfUbPV4CaiFBxh38ychnBfwCxuTm9iAqcHzIwkmeNRN5qMzDyfE1jyfJje+Bbt6AvIfz6SdYt8/UEQ==

esbuild-windows-32@0.13.3:
  version "0.13.3"
  resolved "https://registry.yarnpkg.com/esbuild-windows-32/-/esbuild-windows-32-0.13.3.tgz#265dc0d0cdb5374685a851c584857055e12865a4"
  integrity sha512-ZlgDz7d1nk8wQACi+z8IDzNZVUlN9iprAme+1YSTsfFDlkyI8jeaGWPk9EQFNY7rJzsLVYm6eZ2mhPioc7uT5A==

esbuild-windows-64@0.13.3:
  version "0.13.3"
  resolved "https://registry.yarnpkg.com/esbuild-windows-64/-/esbuild-windows-64-0.13.3.tgz#ae710c0629ec8c39c5ef1f69e86ed5592bb4128f"
  integrity sha512-YX7KvRez3TR+GudlQm9tND/ssj2FsF9vb8ZWzAoZOLxpPzE3y+3SFJNrfDzzQKPzJ0Pnh9KBP4gsaMwJjKHDhw==

esbuild-windows-arm64@0.13.3:
  version "0.13.3"
  resolved "https://registry.yarnpkg.com/esbuild-windows-arm64/-/esbuild-windows-arm64-0.13.3.tgz#a236199a26b1205573dcb571f966189326a4c953"
  integrity sha512-nP7H0Y2a6OJd3Qi1Q8sehhyP4x4JoXK4S5y6FzH2vgaJgiyEurzFxjUufGdMaw+RxtxiwD/uRndUgwaZ2JD8lg==

esbuild@^0.13.2:
  version "0.13.3"
  resolved "https://registry.yarnpkg.com/esbuild/-/esbuild-0.13.3.tgz#cc9fc347fc81ff6440cdd1fdb9fe65c02eddcc97"
  integrity sha512-98xovMLKnyhv3gcReUuAEi5Ig1rK6SIgvsJuBIcfwzqGSEHsV8UJjMlmkhHoHMf9XZybMpE9Zax8AA8f7i2hlQ==
  optionalDependencies:
    esbuild-android-arm64 "0.13.3"
    esbuild-darwin-64 "0.13.3"
    esbuild-darwin-arm64 "0.13.3"
    esbuild-freebsd-64 "0.13.3"
    esbuild-freebsd-arm64 "0.13.3"
    esbuild-linux-32 "0.13.3"
    esbuild-linux-64 "0.13.3"
    esbuild-linux-arm "0.13.3"
    esbuild-linux-arm64 "0.13.3"
    esbuild-linux-mips64le "0.13.3"
    esbuild-linux-ppc64le "0.13.3"
    esbuild-openbsd-64 "0.13.3"
    esbuild-sunos-64 "0.13.3"
    esbuild-windows-32 "0.13.3"
    esbuild-windows-64 "0.13.3"
    esbuild-windows-arm64 "0.13.3"
